// !$*UTF8*$!
{
	archiveVersion = 1;
	classes = {
	};
	objectVersion = 50;
	objects = {

/* Begin PBXBuildFile section */
		13FFAD872500C0C300B7FC88 /* main.cpp in Sources */ = {isa = PBXBuildFile; fileRef = 13FFAD862500C0C300B7FC88 /* main.cpp */; };
		13FFAD8F2500C0D700B7FC88 /* OpenGL.framework in Frameworks */ = {isa = PBXBuildFile; fileRef = 13FFAD8E2500C0D700B7FC88 /* OpenGL.framework */; };
		13FFAD922500C13E00B7FC88 /* libGLEW.2.1.0.dylib in Frameworks */ = {isa = PBXBuildFile; fileRef = 13FFAD902500C13E00B7FC88 /* libGLEW.2.1.0.dylib */; };
		13FFAD932500C13E00B7FC88 /* libglfw.3.3.dylib in Frameworks */ = {isa = PBXBuildFile; fileRef = 13FFAD912500C13E00B7FC88 /* libglfw.3.3.dylib */; };
		13FFAD952500C15600B7FC88 /* glad.c in Sources */ = {isa = PBXBuildFile; fileRef = 13FFAD942500C15600B7FC88 /* glad.c */; };
/* End PBXBuildFile section */

/* Begin PBXCopyFilesBuildPhase section */
		13FFAD812500C0C300B7FC88 /* CopyFiles */ = {
			isa = PBXCopyFilesBuildPhase;
			buildActionMask = 2147483647;
			dstPath = /usr/share/man/man1/;
			dstSubfolderSpec = 0;
			files = (
			);
			runOnlyForDeploymentPostprocessing = 1;
		};
/* End PBXCopyFilesBuildPhase section */

/* Begin PBXFileReference section */
		13FFAD832500C0C300B7FC88 /* hello_triangle */ = {isa = PBXFileReference; explicitFileType = "compiled.mach-o.executable"; includeInIndex = 0; path = hello_triangle; sourceTree = BUILT_PRODUCTS_DIR; };
		13FFAD862500C0C300B7FC88 /* main.cpp */ = {isa = PBXFileReference; lastKnownFileType = sourcecode.cpp.cpp; path = main.cpp; sourceTree = "<group>"; };
		13FFAD8E2500C0D700B7FC88 /* OpenGL.framework */ = {isa = PBXFileReference; lastKnownFileType = wrapper.framework; name = OpenGL.framework; path = System/Library/Frameworks/OpenGL.framework; sourceTree = SDKROOT; };
		13FFAD902500C13E00B7FC88 /* libGLEW.2.1.0.dylib */ = {isa = PBXFileReference; lastKnownFileType = "compiled.mach-o.dylib"; name = libGLEW.2.1.0.dylib; path = ../../../../../../../usr/local/lib/libGLEW.2.1.0.dylib; sourceTree = "<group>"; };
		13FFAD912500C13E00B7FC88 /* libglfw.3.3.dylib */ = {isa = PBXFileReference; lastKnownFileType = "compiled.mach-o.dylib"; name = libglfw.3.3.dylib; path = ../../../../../../../usr/local/lib/libglfw.3.3.dylib; sourceTree = "<group>"; };
		13FFAD942500C15600B7FC88 /* glad.c */ = {isa = PBXFileReference; fileEncoding = 4; lastKnownFileType = sourcecode.c.c; name = glad.c; path = ../../glad/src/glad.c; sourceTree = "<group>"; };
		13FFAD962500C17000B7FC88 /* hello_triangle.entitlements */ = {isa = PBXFileReference; lastKnownFileType = text.plist.entitlements; path = hello_triangle.entitlements; sourceTree = "<group>"; };
/* End PBXFileReference section */

/* Begin PBXFrameworksBuildPhase section */
		13FFAD802500C0C300B7FC88 /* Frameworks */ = {
			isa = PBXFrameworksBuildPhase;
			buildActionMask = 2147483647;
			files = (
				13FFAD922500C13E00B7FC88 /* libGLEW.2.1.0.dylib in Frameworks */,
				13FFAD932500C13E00B7FC88 /* libglfw.3.3.dylib in Frameworks */,
				13FFAD8F2500C0D700B7FC88 /* OpenGL.framework in Frameworks */,
			);
			runOnlyForDeploymentPostprocessing = 0;
		};
/* End PBXFrameworksBuildPhase section */

/* Begin PBXGroup section */
		13FFAD7A2500C0C300B7FC88 = {
			isa = PBXGroup;
			children = (
				13FFAD942500C15600B7FC88 /* glad.c */,
				13FFAD852500C0C300B7FC88 /* hello_triangle */,
				13FFAD842500C0C300B7FC88 /* Products */,
				13FFAD8D2500C0D600B7FC88 /* Frameworks */,
			);
			sourceTree = "<group>";
		};
		13FFAD842500C0C300B7FC88 /* Products */ = {
			isa = PBXGroup;
			children = (
				13FFAD832500C0C300B7FC88 /* hello_triangle */,
			);
			name = Products;
			sourceTree = "<group>";
		};
		13FFAD852500C0C300B7FC88 /* hello_triangle */ = {
			isa = PBXGroup;
			children = (
				13FFAD962500C17000B7FC88 /* hello_triangle.entitlements */,
				13FFAD862500C0C300B7FC88 /* main.cpp */,
			);
			path = hello_triangle;
			sourceTree = "<group>";
		};
		13FFAD8D2500C0D600B7FC88 /* Frameworks */ = {
			isa = PBXGroup;
			children = (
				13FFAD902500C13E00B7FC88 /* libGLEW.2.1.0.dylib */,
				13FFAD912500C13E00B7FC88 /* libglfw.3.3.dylib */,
				13FFAD8E2500C0D700B7FC88 /* OpenGL.framework */,
			);
			name = Frameworks;
			sourceTree = "<group>";
		};
/* End PBXGroup section */

/* Begin PBXNativeTarget section */
		13FFAD822500C0C300B7FC88 /* hello_triangle */ = {
			isa = PBXNativeTarget;
			buildConfigurationList = 13FFAD8A2500C0C300B7FC88 /* Build configuration list for PBXNativeTarget "hello_triangle" */;
			buildPhases = (
				13FFAD7F2500C0C300B7FC88 /* Sources */,
				13FFAD802500C0C300B7FC88 /* Frameworks */,
				13FFAD812500C0C300B7FC88 /* CopyFiles */,
			);
			buildRules = (
			);
			dependencies = (
			);
			name = hello_triangle;
			productName = hello_triangle;
			productReference = 13FFAD832500C0C300B7FC88 /* hello_triangle */;
			productType = "com.apple.product-type.tool";
		};
/* End PBXNativeTarget section */

/* Begin PBXProject section */
		13FFAD7B2500C0C300B7FC88 /* Project object */ = {
			isa = PBXProject;
			attributes = {
				LastUpgradeCheck = 1160;
				ORGANIZATIONNAME = kawaii;
				TargetAttributes = {
					13FFAD822500C0C300B7FC88 = {
						CreatedOnToolsVersion = 11.6;
					};
				};
			};
			buildConfigurationList = 13FFAD7E2500C0C300B7FC88 /* Build configuration list for PBXProject "hello_triangle" */;
			compatibilityVersion = "Xcode 9.3";
			developmentRegion = en;
			hasScannedForEncodings = 0;
			knownRegions = (
				en,
				Base,
			);
			mainGroup = 13FFAD7A2500C0C300B7FC88;
			productRefGroup = 13FFAD842500C0C300B7FC88 /* Products */;
			projectDirPath = "";
			projectRoot = "";
			targets = (
				13FFAD822500C0C300B7FC88 /* hello_triangle */,
			);
		};
/* End PBXProject section */

/* Begin PBXSourcesBuildPhase section */
		13FFAD7F2500C0C300B7FC88 /* Sources */ = {
			isa = PBXSourcesBuildPhase;
			buildActionMask = 2147483647;
			files = (
				13FFAD872500C0C300B7FC88 /* main.cpp in Sources */,
				13FFAD952500C15600B7FC88 /* glad.c in Sources */,
			);
			runOnlyForDeploymentPostprocessing = 0;
		};
/* End PBXSourcesBuildPhase section */

/* Begin XCBuildConfiguration section */
		13FFAD882500C0C300B7FC88 /* Debug */ = {
			isa = XCBuildConfiguration;
			buildSettings = {
				ALWAYS_SEARCH_USER_PATHS = NO;
				CLANG_ANALYZER_NONNULL = YES;
				CLANG_ANALYZER_NUMBER_OBJECT_CONVERSION = YES_AGGRESSIVE;
				CLANG_CXX_LANGUAGE_STANDARD = "gnu++14";
				CLANG_CXX_LIBRARY = "libc++";
				CLANG_ENABLE_MODULES = YES;
				CLANG_ENABLE_OBJC_ARC = YES;
				CLANG_ENABLE_OBJC_WEAK = YES;
				CLANG_WARN_BLOCK_CAPTURE_AUTORELEASING = YES;
				CLANG_WARN_BOOL_CONVERSION = YES;
				CLANG_WARN_COMMA = YES;
				CLANG_WARN_CONSTANT_CONVERSION = YES;
				CLANG_WARN_DEPRECATED_OBJC_IMPLEMENTATIONS = YES;
				CLANG_WARN_DIRECT_OBJC_ISA_USAGE = YES_ERROR;
				CLANG_WARN_DOCUMENTATION_COMMENTS = YES;
				CLANG_WARN_EMPTY_BODY = YES;
				CLANG_WARN_ENUM_CONVERSION = YES;
				CLANG_WARN_INFINITE_RECURSION = YES;
				CLANG_WARN_INT_CONVERSION = YES;
				CLANG_WARN_NON_LITERAL_NULL_CONVERSION = YES;
				CLANG_WARN_OBJC_IMPLICIT_RETAIN_SELF = YES;
				CLANG_WARN_OBJC_LITERAL_CONVERSION = YES;
				CLANG_WARN_OBJC_ROOT_CLASS = YES_ERROR;
				CLANG_WARN_RANGE_LOOP_ANALYSIS = YES;
				CLANG_WARN_STRICT_PROTOTYPES = YES;
				CLANG_WARN_SUSPICIOUS_MOVE = YES;
				CLANG_WARN_UNGUARDED_AVAILABILITY = YES_AGGRESSIVE;
				CLANG_WARN_UNREACHABLE_CODE = YES;
				CLANG_WARN__DUPLICATE_METHOD_MATCH = YES;
				COPY_PHASE_STRIP = NO;
				DEBUG_INFORMATION_FORMAT = dwarf;
				ENABLE_STRICT_OBJC_MSGSEND = YES;
				ENABLE_TESTABILITY = YES;
				GCC_C_LANGUAGE_STANDARD = gnu11;
				GCC_DYNAMIC_NO_PIC = NO;
				GCC_NO_COMMON_BLOCKS = YES;
				GCC_OPTIMIZATION_LEVEL = 0;
				GCC_PREPROCESSOR_DEFINITIONS = (
					"DEBUG=1",
					"$(inherited)",
				);
				GCC_WARN_64_TO_32_BIT_CONVERSION = YES;
				GCC_WARN_ABOUT_RETURN_TYPE = YES_ERROR;
				GCC_WARN_UNDECLARED_SELECTOR = YES;
				GCC_WARN_UNINITIALIZED_AUTOS = YES_AGGRESSIVE;
				GCC_WARN_UNUSED_FUNCTION = YES;
				GCC_WARN_UNUSED_VARIABLE = YES;
				MACOSX_DEPLOYMENT_TARGET = 10.15;
				MTL_ENABLE_DEBUG_INFO = INCLUDE_SOURCE;
				MTL_FAST_MATH = YES;
				ONLY_ACTIVE_ARCH = YES;
				SDKROOT = macosx;
			};
			name = Debug;
		};
		13FFAD892500C0C300B7FC88 /* Release */ = {
			isa = XCBuildConfiguration;
			buildSettings = {
				ALWAYS_SEARCH_USER_PATHS = NO;
				CLANG_ANALYZER_NONNULL = YES;
				CLANG_ANALYZER_NUMBER_OBJECT_CONVERSION = YES_AGGRESSIVE;
				CLANG_CXX_LANGUAGE_STANDARD = "gnu++14";
				CLANG_CXX_LIBRARY = "libc++";
				CLANG_ENABLE_MODULES = YES;
				CLANG_ENABLE_OBJC_ARC = YES;
				CLANG_ENABLE_OBJC_WEAK = YES;
				CLANG_WARN_BLOCK_CAPTURE_AUTORELEASING = YES;
				CLANG_WARN_BOOL_CONVERSION = YES;
				CLANG_WARN_COMMA = YES;
				CLANG_WARN_CONSTANT_CONVERSION = YES;
				CLANG_WARN_DEPRECATED_OBJC_IMPLEMENTATIONS = YES;
				CLANG_WARN_DIRECT_OBJC_ISA_USAGE = YES_ERROR;
				CLANG_WARN_DOCUMENTATION_COMMENTS = YES;
				CLANG_WARN_EMPTY_BODY = YES;
				CLANG_WARN_ENUM_CONVERSION = YES;
				CLANG_WARN_INFINITE_RECURSION = YES;
				CLANG_WARN_INT_CONVERSION = YES;
				CLANG_WARN_NON_LITERAL_NULL_CONVERSION = YES;
				CLANG_WARN_OBJC_IMPLICIT_RETAIN_SELF = YES;
				CLANG_WARN_OBJC_LITERAL_CONVERSION = YES;
				CLANG_WARN_OBJC_ROOT_CLASS = YES_ERROR;
				CLANG_WARN_RANGE_LOOP_ANALYSIS = YES;
				CLANG_WARN_STRICT_PROTOTYPES = YES;
				CLANG_WARN_SUSPICIOUS_MOVE = YES;
				CLANG_WARN_UNGUARDED_AVAILABILITY = YES_AGGRESSIVE;
				CLANG_WARN_UNREACHABLE_CODE = YES;
				CLANG_WARN__DUPLICATE_METHOD_MATCH = YES;
				COPY_PHASE_STRIP = NO;
				DEBUG_INFORMATION_FORMAT = "dwarf-with-dsym";
				ENABLE_NS_ASSERTIONS = NO;
				ENABLE_STRICT_OBJC_MSGSEND = YES;
				GCC_C_LANGUAGE_STANDARD = gnu11;
				GCC_NO_COMMON_BLOCKS = YES;
				GCC_WARN_64_TO_32_BIT_CONVERSION = YES;
				GCC_WARN_ABOUT_RETURN_TYPE = YES_ERROR;
				GCC_WARN_UNDECLARED_SELECTOR = YES;
				GCC_WARN_UNINITIALIZED_AUTOS = YES_AGGRESSIVE;
				GCC_WARN_UNUSED_FUNCTION = YES;
				GCC_WARN_UNUSED_VARIABLE = YES;
				MACOSX_DEPLOYMENT_TARGET = 10.15;
				MTL_ENABLE_DEBUG_INFO = NO;
				MTL_FAST_MATH = YES;
				SDKROOT = macosx;
			};
			name = Release;
		};
		13FFAD8B2500C0C300B7FC88 /* Debug */ = {
			isa = XCBuildConfiguration;
			buildSettings = {
				CODE_SIGN_ENTITLEMENTS = hello_triangle/hello_triangle.entitlements;
				CODE_SIGN_STYLE = Automatic;
				DEVELOPMENT_TEAM = 6MXGU6GTZD;
				ENABLE_HARDENED_RUNTIME = NO;
				HEADER_SEARCH_PATHS = " /usr/local/include";
				LIBRARY_SEARCH_PATHS = /usr/local/lib;
				PRODUCT_NAME = "$(TARGET_NAME)";
			};
			name = Debug;
		};
		13FFAD8C2500C0C300B7FC88 /* Release */ = {
			isa = XCBuildConfiguration;
			buildSettings = {
				CODE_SIGN_ENTITLEMENTS = hello_triangle/hello_triangle.entitlements;
				CODE_SIGN_STYLE = Automatic;
				DEVELOPMENT_TEAM = 6MXGU6GTZD;
				ENABLE_HARDENED_RUNTIME = NO;
				HEADER_SEARCH_PATHS = " /usr/local/include";
				LIBRARY_SEARCH_PATHS = /usr/local/lib;
				PRODUCT_NAME = "$(TARGET_NAME)";
			};
			name = Release;
		};
/* End XCBuildConfiguration section */

/* Begin XCConfigurationList section */
		13FFAD7E2500C0C300B7FC88 /* Build configuration list for PBXProject "hello_triangle" */ = {
			isa = XCConfigurationList;
			buildConfigurations = (
				13FFAD882500C0C300B7FC88 /* Debug */,
				13FFAD892500C0C300B7FC88 /* Release */,
			);
			defaultConfigurationIsVisible = 0;
			defaultConfigurationName = Release;
		};
		13FFAD8A2500C0C300B7FC88 /* Build configuration list for PBXNativeTarget "hello_triangle" */ = {
			isa = XCConfigurationList;
			buildConfigurations = (
				13FFAD8B2500C0C300B7FC88 /* Debug */,
				13FFAD8C2500C0C300B7FC88 /* Release */,
			);
			defaultConfigurationIsVisible = 0;
			defaultConfigurationName = Release;
		};
/* End XCConfigurationList section */
	};
	rootObject = 13FFAD7B2500C0C300B7FC88 /* Project object */;
}
